
Microsoft Visual Studio Solution File, Format Version 12.00
# Visual Studio Version 16
VisualStudioVersion = 16.0.31112.23
MinimumVisualStudioVersion = 10.0.40219.1
Project("{FAE04EC0-301F-11D3-BF4B-00C04F79EFBC}") = "JokesWebApp", "JokesWebApp.csproj", "{CBE3B9D6-6AE4-448E-9D18-C520A7F91364}"
EndProject
Global
	GlobalSection(SolutionConfigurationPlatforms) = preSolution
		Debug|Any CPU = Debug|Any CPU
		Release|Any CPU = Release|Any CPU
	EndGlobalSection
	GlobalSection(ProjectConfigurationPlatforms) = postSolution
		{CBE3B9D6-6AE4-448E-9D18-C520A7F91364}.Debug|Any CPU.ActiveCfg = Debug|Any CPU
		{CBE3B9D6-6AE4-448E-9D18-C520A7F91364}.Debug|Any CPU.Build.0 = Debug|Any CPU
		{CBE3B9D6-6AE4-448E-9D18-C520A7F91364}.Release|Any CPU.ActiveCfg = Release|Any CPU
		{CBE3B9D6-6AE4-448E-9D18-C520A7F91364}.Release|Any CPU.Build.0 = Release|Any CPU
	EndGlobalSection
	GlobalSection(SolutionProperties) = preSolution
		HideSolutionNode = FALSE
	EndGlobalSection
	GlobalSection(ExtensibilityGlobals) = postSolution
		SolutionGuid = {FDBE0A6F-28B5-479D-8287-114199ECC1BA}
	EndGlobalSection
EndGlobal
